
Microsoft Visual Studio Solution File, Format Version 12.00
# Visual Studio Version 16
VisualStudioVersion = 16.0.29728.190
MinimumVisualStudioVersion = 10.0.40219.1
Project("{FAE04EC0-301F-11D3-BF4B-00C04F79EFBC}") = "MovieAPI", "MovieAPI\MovieAPI.csproj", "{25B14425-2DDA-4FE6-AC82-9D5487784F46}"
EndProject
Global
	GlobalSection(SolutionConfigurationPlatforms) = preSolution
		Debug|Any CPU = Debug|Any CPU
		Release|Any CPU = Release|Any CPU
	EndGlobalSection
	GlobalSection(ProjectConfigurationPlatforms) = postSolution
		{25B14425-2DDA-4FE6-AC82-9D5487784F46}.Debug|Any CPU.ActiveCfg = Debug|Any CPU
		{25B14425-2DDA-4FE6-AC82-9D5487784F46}.Debug|Any CPU.Build.0 = Debug|Any CPU
		{25B14425-2DDA-4FE6-AC82-9D5487784F46}.Release|Any CPU.ActiveCfg = Release|Any CPU
		{25B14425-2DDA-4FE6-AC82-9D5487784F46}.Release|Any CPU.Build.0 = Release|Any CPU
	EndGlobalSection
	GlobalSection(SolutionProperties) = preSolution
		HideSolutionNode = FALSE
	EndGlobalSection
	GlobalSection(ExtensibilityGlobals) = postSolution
		SolutionGuid = {263B4BF0-F6CA-4DE9-B337-05D3C914CF86}
	EndGlobalSection
EndGlobal
